
Microsoft Visual Studio Solution File, Format Version 10.00
# Visual C++ Express 2008
Project("{8BC9CEB8-8B4A-11D0-8D11-00A0C91BC942}") = "fcgi", "code\fcgi.vcproj", "{3482BC49-C1E3-4F52-BB6D-EC7F09106044}"
EndProject
Project("{8BC9CEB8-8B4A-11D0-8D11-00A0C91BC942}") = "demo", "demo\demo.vcproj", "{BAD3B4EA-06D3-4333-BDD4-09660CA66BC5}"
	ProjectSection(ProjectDependencies) = postProject
		{3482BC49-C1E3-4F52-BB6D-EC7F09106044} = {3482BC49-C1E3-4F52-BB6D-EC7F09106044}
	EndProjectSection
EndProject
Global
	GlobalSection(SolutionConfigurationPlatforms) = preSolution
		Debug|Win32 = Debug|Win32
		Release|Win32 = Release|Win32
	EndGlobalSection
	GlobalSection(ProjectConfigurationPlatforms) = postSolution
		{3482BC49-C1E3-4F52-BB6D-EC7F09106044}.Debug|Win32.ActiveCfg = Debug|Win32
		{3482BC49-C1E3-4F52-BB6D-EC7F09106044}.Debug|Win32.Build.0 = Debug|Win32
		{3482BC49-C1E3-4F52-BB6D-EC7F09106044}.Release|Win32.ActiveCfg = Release|Win32
		{3482BC49-C1E3-4F52-BB6D-EC7F09106044}.Release|Win32.Build.0 = Release|Win32
		{BAD3B4EA-06D3-4333-BDD4-09660CA66BC5}.Debug|Win32.ActiveCfg = Debug|Win32
		{BAD3B4EA-06D3-4333-BDD4-09660CA66BC5}.Debug|Win32.Build.0 = Debug|Win32
		{BAD3B4EA-06D3-4333-BDD4-09660CA66BC5}.Release|Win32.ActiveCfg = Release|Win32
		{BAD3B4EA-06D3-4333-BDD4-09660CA66BC5}.Release|Win32.Build.0 = Release|Win32
	EndGlobalSection
	GlobalSection(SolutionProperties) = preSolution
		HideSolutionNode = FALSE
	EndGlobalSection
EndGlobal
